
Microsoft Visual Studio Solution File, Format Version 12.00
# Visual Studio Version 16
VisualStudioVersion = 16.0.32126.315
MinimumVisualStudioVersion = 10.0.40219.1
Project("{FAE04EC0-301F-11D3-BF4B-00C04F79EFBC}") = "X.Music", "X.Music\X.Music.csproj", "{66F235A5-3776-4C3E-9C2D-BC50C39796A4}"
EndProject
Global
	GlobalSection(SolutionConfigurationPlatforms) = preSolution
		Debug|Any CPU = Debug|Any CPU
		Release|Any CPU = Release|Any CPU
	EndGlobalSection
	GlobalSection(ProjectConfigurationPlatforms) = postSolution
		{66F235A5-3776-4C3E-9C2D-BC50C39796A4}.Debug|Any CPU.ActiveCfg = Debug|Any CPU
		{66F235A5-3776-4C3E-9C2D-BC50C39796A4}.Debug|Any CPU.Build.0 = Debug|Any CPU
		{66F235A5-3776-4C3E-9C2D-BC50C39796A4}.Release|Any CPU.ActiveCfg = Release|Any CPU
		{66F235A5-3776-4C3E-9C2D-BC50C39796A4}.Release|Any CPU.Build.0 = Release|Any CPU
	EndGlobalSection
	GlobalSection(SolutionProperties) = preSolution
		HideSolutionNode = FALSE
	EndGlobalSection
	GlobalSection(ExtensibilityGlobals) = postSolution
		SolutionGuid = {DC37953E-B91A-4C4D-80EC-4A75107D05C7}
	EndGlobalSection
EndGlobal
